// !$*UTF8*$!
{
	archiveVersion = 1;
	classes = {
	};
	objectVersion = 55;
	objects = {

/* Begin PBXBuildFile section */
		8410F29D27C94FCD00F66DA0 /* AppDelegate.swift in Sources */ = {isa = PBXBuildFile; fileRef = 8410F29C27C94FCD00F66DA0 /* AppDelegate.swift */; };
		8410F29F27C94FCD00F66DA0 /* SceneDelegate.swift in Sources */ = {isa = PBXBuildFile; fileRef = 8410F29E27C94FCD00F66DA0 /* SceneDelegate.swift */; };
		8410F2A127C94FCD00F66DA0 /* ViewController.swift in Sources */ = {isa = PBXBuildFile; fileRef = 8410F2A027C94FCD00F66DA0 /* ViewController.swift */; };
		8410F2A427C94FCD00F66DA0 /* Main.storyboard in Resources */ = {isa = PBXBuildFile; fileRef = 8410F2A227C94FCD00F66DA0 /* Main.storyboard */; };
		8410F2A627C94FCE00F66DA0 /* Assets.xcassets in Resources */ = {isa = PBXBuildFile; fileRef = 8410F2A527C94FCE00F66DA0 /* Assets.xcassets */; };
		8410F2A927C94FCE00F66DA0 /* LaunchScreen.storyboard in Resources */ = {isa = PBXBuildFile; fileRef = 8410F2A727C94FCE00F66DA0 /* LaunchScreen.storyboard */; };
		8410F2B427C94FCF00F66DA0 /* FlixTests.swift in Sources */ = {isa = PBXBuildFile; fileRef = 8410F2B327C94FCF00F66DA0 /* FlixTests.swift */; };
		8410F2BE27C94FCF00F66DA0 /* FlixUITests.swift in Sources */ = {isa = PBXBuildFile; fileRef = 8410F2BD27C94FCF00F66DA0 /* FlixUITests.swift */; };
		8410F2C027C94FCF00F66DA0 /* FlixUITestsLaunchTests.swift in Sources */ = {isa = PBXBuildFile; fileRef = 8410F2BF27C94FCF00F66DA0 /* FlixUITestsLaunchTests.swift */; };
		8410F2CD27C97E6000F66DA0 /* MovieCell.swift in Sources */ = {isa = PBXBuildFile; fileRef = 8410F2CC27C97E6000F66DA0 /* MovieCell.swift */; };
		8410F2D027C9935E00F66DA0 /* AlamofireImage in Frameworks */ = {isa = PBXBuildFile; productRef = 8410F2CF27C9935E00F66DA0 /* AlamofireImage */; };
		845F8E4727D2F1D000CC1137 /* MovieDetailsViewController.swift in Sources */ = {isa = PBXBuildFile; fileRef = 845F8E4627D2F1D000CC1137 /* MovieDetailsViewController.swift */; };
		845F8E4927D3083F00CC1137 /* MovieGridViewController.swift in Sources */ = {isa = PBXBuildFile; fileRef = 845F8E4827D3083F00CC1137 /* MovieGridViewController.swift */; };
		845F8E4D27D30C6200CC1137 /* MovieGridCell.swift in Sources */ = {isa = PBXBuildFile; fileRef = 845F8E4C27D30C6200CC1137 /* MovieGridCell.swift */; };
		A4E5BA658BD98540DEBF406B /* Pods_Flix_FlixUITests.framework in Frameworks */ = {isa = PBXBuildFile; fileRef = F7D28A54E4CB0A33D1374AFE /* Pods_Flix_FlixUITests.framework */; };
		B90032A8D8128254978B5EA9 /* Pods_FlixTests.framework in Frameworks */ = {isa = PBXBuildFile; fileRef = 9FF2BA70FDEC590A5E9CB7B2 /* Pods_FlixTests.framework */; };
		D35287282E6D524279EC0140 /* Pods_Flix.framework in Frameworks */ = {isa = PBXBuildFile; fileRef = 6536B91CA954618BCA199106 /* Pods_Flix.framework */; };
/* End PBXBuildFile section */

/* Begin PBXContainerItemProxy section */
		8410F2B027C94FCF00F66DA0 /* PBXContainerItemProxy */ = {
			isa = PBXContainerItemProxy;
			containerPortal = 8410F29127C94FCD00F66DA0 /* Project object */;
			proxyType = 1;
			remoteGlobalIDString = 8410F29827C94FCD00F66DA0;
			remoteInfo = Flix;
		};
		8410F2BA27C94FCF00F66DA0 /* PBXContainerItemProxy */ = {
			isa = PBXContainerItemProxy;
			containerPortal = 8410F29127C94FCD00F66DA0 /* Project object */;
			proxyType = 1;
			remoteGlobalIDString = 8410F29827C94FCD00F66DA0;
			remoteInfo = Flix;
		};
/* End PBXContainerItemProxy section */

/* Begin PBXFileReference section */
		2E5F52EA920EFD367DA2EFF3 /* Pods-Flix-FlixUITests.debug.xcconfig */ = {isa = PBXFileReference; includeInIndex = 1; lastKnownFileType = text.xcconfig; name = "Pods-Flix-FlixUITests.debug.xcconfig"; path = "Target Support Files/Pods-Flix-FlixUITests/Pods-Flix-FlixUITests.debug.xcconfig"; sourceTree = "<group>"; };
		3849B1CCE5CB087B7069658A /* Pods-Flix.release.xcconfig */ = {isa = PBXFileReference; includeInIndex = 1; lastKnownFileType = text.xcconfig; name = "Pods-Flix.release.xcconfig"; path = "Target Support Files/Pods-Flix/Pods-Flix.release.xcconfig"; sourceTree = "<group>"; };
		6536B91CA954618BCA199106 /* Pods_Flix.framework */ = {isa = PBXFileReference; explicitFileType = wrapper.framework; includeInIndex = 0; path = Pods_Flix.framework; sourceTree = BUILT_PRODUCTS_DIR; };
		8410F29927C94FCD00F66DA0 /* Flix.app */ = {isa = PBXFileReference; explicitFileType = wrapper.application; includeInIndex = 0; path = Flix.app; sourceTree = BUILT_PRODUCTS_DIR; };
		8410F29C27C94FCD00F66DA0 /* AppDelegate.swift */ = {isa = PBXFileReference; lastKnownFileType = sourcecode.swift; path = AppDelegate.swift; sourceTree = "<group>"; };
		8410F29E27C94FCD00F66DA0 /* SceneDelegate.swift */ = {isa = PBXFileReference; lastKnownFileType = sourcecode.swift; path = SceneDelegate.swift; sourceTree = "<group>"; };
		8410F2A027C94FCD00F66DA0 /* ViewController.swift */ = {isa = PBXFileReference; lastKnownFileType = sourcecode.swift; path = ViewController.swift; sourceTree = "<group>"; };
		8410F2A327C94FCD00F66DA0 /* Base */ = {isa = PBXFileReference; lastKnownFileType = file.storyboard; name = Base; path = Base.lproj/Main.storyboard; sourceTree = "<group>"; };
		8410F2A527C94FCE00F66DA0 /* Assets.xcassets */ = {isa = PBXFileReference; lastKnownFileType = folder.assetcatalog; path = Assets.xcassets; sourceTree = "<group>"; };
		8410F2A827C94FCE00F66DA0 /* Base */ = {isa = PBXFileReference; lastKnownFileType = file.storyboard; name = Base; path = Base.lproj/LaunchScreen.storyboard; sourceTree = "<group>"; };
		8410F2AA27C94FCE00F66DA0 /* Info.plist */ = {isa = PBXFileReference; lastKnownFileType = text.plist.xml; path = Info.plist; sourceTree = "<group>"; };
		8410F2AF27C94FCF00F66DA0 /* FlixTests.xctest */ = {isa = PBXFileReference; explicitFileType = wrapper.cfbundle; includeInIndex = 0; path = FlixTests.xctest; sourceTree = BUILT_PRODUCTS_DIR; };
		8410F2B327C94FCF00F66DA0 /* FlixTests.swift */ = {isa = PBXFileReference; lastKnownFileType = sourcecode.swift; path = FlixTests.swift; sourceTree = "<group>"; };
		8410F2B927C94FCF00F66DA0 /* FlixUITests.xctest */ = {isa = PBXFileReference; explicitFileType = wrapper.cfbundle; includeInIndex = 0; path = FlixUITests.xctest; sourceTree = BUILT_PRODUCTS_DIR; };
		8410F2BD27C94FCF00F66DA0 /* FlixUITests.swift */ = {isa = PBXFileReference; lastKnownFileType = sourcecode.swift; path = FlixUITests.swift; sourceTree = "<group>"; };
		8410F2BF27C94FCF00F66DA0 /* FlixUITestsLaunchTests.swift */ = {isa = PBXFileReference; lastKnownFileType = sourcecode.swift; path = FlixUITestsLaunchTests.swift; sourceTree = "<group>"; };
		8410F2CC27C97E6000F66DA0 /* MovieCell.swift */ = {isa = PBXFileReference; lastKnownFileType = sourcecode.swift; path = MovieCell.swift; sourceTree = "<group>"; };
		845F8E4627D2F1D000CC1137 /* MovieDetailsViewController.swift */ = {isa = PBXFileReference; lastKnownFileType = sourcecode.swift; path = MovieDetailsViewController.swift; sourceTree = "<group>"; };
		845F8E4827D3083F00CC1137 /* MovieGridViewController.swift */ = {isa = PBXFileReference; lastKnownFileType = sourcecode.swift; path = MovieGridViewController.swift; sourceTree = "<group>"; };
		845F8E4C27D30C6200CC1137 /* MovieGridCell.swift */ = {isa = PBXFileReference; lastKnownFileType = sourcecode.swift; path = MovieGridCell.swift; sourceTree = "<group>"; };
		858E8D5577B311F768383799 /* Pods-Flix-FlixUITests.release.xcconfig */ = {isa = PBXFileReference; includeInIndex = 1; lastKnownFileType = text.xcconfig; name = "Pods-Flix-FlixUITests.release.xcconfig"; path = "Target Support Files/Pods-Flix-FlixUITests/Pods-Flix-FlixUITests.release.xcconfig"; sourceTree = "<group>"; };
		8F1576DF449459556E999FAB /* Pods-FlixTests.release.xcconfig */ = {isa = PBXFileReference; includeInIndex = 1; lastKnownFileType = text.xcconfig; name = "Pods-FlixTests.release.xcconfig"; path = "Target Support Files/Pods-FlixTests/Pods-FlixTests.release.xcconfig"; sourceTree = "<group>"; };
		9FF2BA70FDEC590A5E9CB7B2 /* Pods_FlixTests.framework */ = {isa = PBXFileReference; explicitFileType = wrapper.framework; includeInIndex = 0; path = Pods_FlixTests.framework; sourceTree = BUILT_PRODUCTS_DIR; };
		BA13E8A3ABBE9E21DF0BCBB7 /* Pods-FlixTests.debug.xcconfig */ = {isa = PBXFileReference; includeInIndex = 1; lastKnownFileType = text.xcconfig; name = "Pods-FlixTests.debug.xcconfig"; path = "Target Support Files/Pods-FlixTests/Pods-FlixTests.debug.xcconfig"; sourceTree = "<group>"; };
		EC9B9A4933A476B883134CDA /* Pods-Flix.debug.xcconfig */ = {isa = PBXFileReference; includeInIndex = 1; lastKnownFileType = text.xcconfig; name = "Pods-Flix.debug.xcconfig"; path = "Target Support Files/Pods-Flix/Pods-Flix.debug.xcconfig"; sourceTree = "<group>"; };
		F7D28A54E4CB0A33D1374AFE /* Pods_Flix_FlixUITests.framework */ = {isa = PBXFileReference; explicitFileType = wrapper.framework; includeInIndex = 0; path = Pods_Flix_FlixUITests.framework; sourceTree = BUILT_PRODUCTS_DIR; };
/* End PBXFileReference section */

/* Begin PBXFrameworksBuildPhase section */
		8410F29627C94FCD00F66DA0 /* Frameworks */ = {
			isa = PBXFrameworksBuildPhase;
			buildActionMask = 2147483647;
			files = (
				8410F2D027C9935E00F66DA0 /* AlamofireImage in Frameworks */,
				D35287282E6D524279EC0140 /* Pods_Flix.framework in Frameworks */,
			);
			runOnlyForDeploymentPostprocessing = 0;
		};
		8410F2AC27C94FCF00F66DA0 /* Frameworks */ = {
			isa = PBXFrameworksBuildPhase;
			buildActionMask = 2147483647;
			files = (
				B90032A8D8128254978B5EA9 /* Pods_FlixTests.framework in Frameworks */,
			);
			runOnlyForDeploymentPostprocessing = 0;
		};
		8410F2B627C94FCF00F66DA0 /* Frameworks */ = {
			isa = PBXFrameworksBuildPhase;
			buildActionMask = 2147483647;
			files = (
				A4E5BA658BD98540DEBF406B /* Pods_Flix_FlixUITests.framework in Frameworks */,
			);
			runOnlyForDeploymentPostprocessing = 0;
		};
/* End PBXFrameworksBuildPhase section */

/* Begin PBXGroup section */
		2F7B887B45A4041C701081CA /* Frameworks */ = {
			isa = PBXGroup;
			children = (
				6536B91CA954618BCA199106 /* Pods_Flix.framework */,
				F7D28A54E4CB0A33D1374AFE /* Pods_Flix_FlixUITests.framework */,
				9FF2BA70FDEC590A5E9CB7B2 /* Pods_FlixTests.framework */,
			);
			name = Frameworks;
			sourceTree = "<group>";
		};
		47AFA75F3DC477D8719C8134 /* Pods */ = {
			isa = PBXGroup;
			children = (
				EC9B9A4933A476B883134CDA /* Pods-Flix.debug.xcconfig */,
				3849B1CCE5CB087B7069658A /* Pods-Flix.release.xcconfig */,
				2E5F52EA920EFD367DA2EFF3 /* Pods-Flix-FlixUITests.debug.xcconfig */,
				858E8D5577B311F768383799 /* Pods-Flix-FlixUITests.release.xcconfig */,
				BA13E8A3ABBE9E21DF0BCBB7 /* Pods-FlixTests.debug.xcconfig */,
				8F1576DF449459556E999FAB /* Pods-FlixTests.release.xcconfig */,
			);
			path = Pods;
			sourceTree = "<group>";
		};
		8410F29027C94FCD00F66DA0 = {
			isa = PBXGroup;
			children = (
				8410F29B27C94FCD00F66DA0 /* Flix */,
				8410F2B227C94FCF00F66DA0 /* FlixTests */,
				8410F2BC27C94FCF00F66DA0 /* FlixUITests */,
				8410F29A27C94FCD00F66DA0 /* Products */,
				47AFA75F3DC477D8719C8134 /* Pods */,
				2F7B887B45A4041C701081CA /* Frameworks */,
			);
			sourceTree = "<group>";
		};
		8410F29A27C94FCD00F66DA0 /* Products */ = {
			isa = PBXGroup;
			children = (
				8410F29927C94FCD00F66DA0 /* Flix.app */,
				8410F2AF27C94FCF00F66DA0 /* FlixTests.xctest */,
				8410F2B927C94FCF00F66DA0 /* FlixUITests.xctest */,
			);
			name = Products;
			sourceTree = "<group>";
		};
		8410F29B27C94FCD00F66DA0 /* Flix */ = {
			isa = PBXGroup;
			children = (
				8410F29C27C94FCD00F66DA0 /* AppDelegate.swift */,
				8410F29E27C94FCD00F66DA0 /* SceneDelegate.swift */,
				8410F2A027C94FCD00F66DA0 /* ViewController.swift */,
				845F8E4827D3083F00CC1137 /* MovieGridViewController.swift */,
				8410F2A227C94FCD00F66DA0 /* Main.storyboard */,
				845F8E4C27D30C6200CC1137 /* MovieGridCell.swift */,
				845F8E4627D2F1D000CC1137 /* MovieDetailsViewController.swift */,
				8410F2CC27C97E6000F66DA0 /* MovieCell.swift */,
				8410F2A527C94FCE00F66DA0 /* Assets.xcassets */,
				8410F2A727C94FCE00F66DA0 /* LaunchScreen.storyboard */,
				8410F2AA27C94FCE00F66DA0 /* Info.plist */,
			);
			path = Flix;
			sourceTree = "<group>";
		};
		8410F2B227C94FCF00F66DA0 /* FlixTests */ = {
			isa = PBXGroup;
			children = (
				8410F2B327C94FCF00F66DA0 /* FlixTests.swift */,
			);
			path = FlixTests;
			sourceTree = "<group>";
		};
		8410F2BC27C94FCF00F66DA0 /* FlixUITests */ = {
			isa = PBXGroup;
			children = (
				8410F2BD27C94FCF00F66DA0 /* FlixUITests.swift */,
				8410F2BF27C94FCF00F66DA0 /* FlixUITestsLaunchTests.swift */,
			);
			path = FlixUITests;
			sourceTree = "<group>";
		};
/* End PBXGroup section */

/* Begin PBXNativeTarget section */
		8410F29827C94FCD00F66DA0 /* Flix */ = {
			isa = PBXNativeTarget;
			buildConfigurationList = 8410F2C327C94FCF00F66DA0 /* Build configuration list for PBXNativeTarget "Flix" */;
			buildPhases = (
				AF2C677A6FEA50581FD231FB /* [CP] Check Pods Manifest.lock */,
				8410F29527C94FCD00F66DA0 /* Sources */,
				8410F29627C94FCD00F66DA0 /* Frameworks */,
				8410F29727C94FCD00F66DA0 /* Resources */,
				4F5A6AC524A0C334EB1C0479 /* [CP] Embed Pods Frameworks */,
			);
			buildRules = (
			);
			dependencies = (
			);
			name = Flix;
			packageProductDependencies = (
				8410F2CF27C9935E00F66DA0 /* AlamofireImage */,
			);
			productName = Flix;
			productReference = 8410F29927C94FCD00F66DA0 /* Flix.app */;
			productType = "com.apple.product-type.application";
		};
		8410F2AE27C94FCF00F66DA0 /* FlixTests */ = {
			isa = PBXNativeTarget;
			buildConfigurationList = 8410F2C627C94FCF00F66DA0 /* Build configuration list for PBXNativeTarget "FlixTests" */;
			buildPhases = (
				599EA9D5CA94011C45B7037F /* [CP] Check Pods Manifest.lock */,
				8410F2AB27C94FCF00F66DA0 /* Sources */,
				8410F2AC27C94FCF00F66DA0 /* Frameworks */,
				8410F2AD27C94FCF00F66DA0 /* Resources */,
			);
			buildRules = (
			);
			dependencies = (
				8410F2B127C94FCF00F66DA0 /* PBXTargetDependency */,
			);
			name = FlixTests;
			productName = FlixTests;
			productReference = 8410F2AF27C94FCF00F66DA0 /* FlixTests.xctest */;
			productType = "com.apple.product-type.bundle.unit-test";
		};
		8410F2B827C94FCF00F66DA0 /* FlixUITests */ = {
			isa = PBXNativeTarget;
			buildConfigurationList = 8410F2C927C94FCF00F66DA0 /* Build configuration list for PBXNativeTarget "FlixUITests" */;
			buildPhases = (
				155825E8D33D5182F500E517 /* [CP] Check Pods Manifest.lock */,
				8410F2B527C94FCF00F66DA0 /* Sources */,
				8410F2B627C94FCF00F66DA0 /* Frameworks */,
				8410F2B727C94FCF00F66DA0 /* Resources */,
				15BF14343A212A7E81ECCBFD /* [CP] Embed Pods Frameworks */,
			);
			buildRules = (
			);
			dependencies = (
				8410F2BB27C94FCF00F66DA0 /* PBXTargetDependency */,
			);
			name = FlixUITests;
			productName = FlixUITests;
			productReference = 8410F2B927C94FCF00F66DA0 /* FlixUITests.xctest */;
			productType = "com.apple.product-type.bundle.ui-testing";
		};
/* End PBXNativeTarget section */

/* Begin PBXProject section */
		8410F29127C94FCD00F66DA0 /* Project object */ = {
			isa = PBXProject;
			attributes = {
				BuildIndependentTargetsInParallel = 1;
				LastSwiftUpdateCheck = 1320;
				LastUpgradeCheck = 1320;
				TargetAttributes = {
					8410F29827C94FCD00F66DA0 = {
						CreatedOnToolsVersion = 13.2.1;
					};
					8410F2AE27C94FCF00F66DA0 = {
						CreatedOnToolsVersion = 13.2.1;
						TestTargetID = 8410F29827C94FCD00F66DA0;
					};
					8410F2B827C94FCF00F66DA0 = {
						CreatedOnToolsVersion = 13.2.1;
						TestTargetID = 8410F29827C94FCD00F66DA0;
					};
				};
			};
			buildConfigurationList = 8410F29427C94FCD00F66DA0 /* Build configuration list for PBXProject "Flix" */;
			compatibilityVersion = "Xcode 13.0";
			developmentRegion = en;
			hasScannedForEncodings = 0;
			knownRegions = (
				en,
				Base,
			);
			mainGroup = 8410F29027C94FCD00F66DA0;
			packageReferences = (
				8410F2CE27C9935E00F66DA0 /* XCRemoteSwiftPackageReference "AlamofireImage" */,
			);
			productRefGroup = 8410F29A27C94FCD00F66DA0 /* Products */;
			projectDirPath = "";
			projectRoot = "";
			targets = (
				8410F29827C94FCD00F66DA0 /* Flix */,
				8410F2AE27C94FCF00F66DA0 /* FlixTests */,
				8410F2B827C94FCF00F66DA0 /* FlixUITests */,
			);
		};
/* End PBXProject section */

/* Begin PBXResourcesBuildPhase section */
		8410F29727C94FCD00F66DA0 /* Resources */ = {
			isa = PBXResourcesBuildPhase;
			buildActionMask = 2147483647;
			files = (
				8410F2A927C94FCE00F66DA0 /* LaunchScreen.storyboard in Resources */,
				8410F2A627C94FCE00F66DA0 /* Assets.xcassets in Resources */,
				8410F2A427C94FCD00F66DA0 /* Main.storyboard in Resources */,
			);
			runOnlyForDeploymentPostprocessing = 0;
		};
		8410F2AD27C94FCF00F66DA0 /* Resources */ = {
			isa = PBXResourcesBuildPhase;
			buildActionMask = 2147483647;
			files = (
			);
			runOnlyForDeploymentPostprocessing = 0;
		};
		8410F2B727C94FCF00F66DA0 /* Resources */ = {
			isa = PBXResourcesBuildPhase;
			buildActionMask = 2147483647;
			files = (
			);
			runOnlyForDeploymentPostprocessing = 0;
		};
/* End PBXResourcesBuildPhase section */

/* Begin PBXShellScriptBuildPhase section */
		155825E8D33D5182F500E517 /* [CP] Check Pods Manifest.lock */ = {
			isa = PBXShellScriptBuildPhase;
			buildActionMask = 2147483647;
			files = (
			);
			inputFileListPaths = (
			);
			inputPaths = (
				"${PODS_PODFILE_DIR_PATH}/Podfile.lock",
				"${PODS_ROOT}/Manifest.lock",
			);
			name = "[CP] Check Pods Manifest.lock";
			outputFileListPaths = (
			);
			outputPaths = (
				"$(DERIVED_FILE_DIR)/Pods-Flix-FlixUITests-checkManifestLockResult.txt",
			);
			runOnlyForDeploymentPostprocessing = 0;
			shellPath = /bin/sh;
			shellScript = "diff \"${PODS_PODFILE_DIR_PATH}/Podfile.lock\" \"${PODS_ROOT}/Manifest.lock\" > /dev/null\nif [ $? != 0 ] ; then\n    # print error to STDERR\n    echo \"error: The sandbox is not in sync with the Podfile.lock. Run 'pod install' or update your CocoaPods installation.\" >&2\n    exit 1\nfi\n# This output is used by Xcode 'outputs' to avoid re-running this script phase.\necho \"SUCCESS\" > \"${SCRIPT_OUTPUT_FILE_0}\"\n";
			showEnvVarsInLog = 0;
		};
		15BF14343A212A7E81ECCBFD /* [CP] Embed Pods Frameworks */ = {
			isa = PBXShellScriptBuildPhase;
			buildActionMask = 2147483647;
			files = (
			);
			inputFileListPaths = (
				"${PODS_ROOT}/Target Support Files/Pods-Flix-FlixUITests/Pods-Flix-FlixUITests-frameworks-${CONFIGURATION}-input-files.xcfilelist",
			);
			name = "[CP] Embed Pods Frameworks";
			outputFileListPaths = (
				"${PODS_ROOT}/Target Support Files/Pods-Flix-FlixUITests/Pods-Flix-FlixUITests-frameworks-${CONFIGURATION}-output-files.xcfilelist",
			);
			runOnlyForDeploymentPostprocessing = 0;
			shellPath = /bin/sh;
			shellScript = "\"${PODS_ROOT}/Target Support Files/Pods-Flix-FlixUITests/Pods-Flix-FlixUITests-frameworks.sh\"\n";
			showEnvVarsInLog = 0;
		};
		4F5A6AC524A0C334EB1C0479 /* [CP] Embed Pods Frameworks */ = {
			isa = PBXShellScriptBuildPhase;
			buildActionMask = 2147483647;
			files = (
			);
			inputFileListPaths = (
				"${PODS_ROOT}/Target Support Files/Pods-Flix/Pods-Flix-frameworks-${CONFIGURATION}-input-files.xcfilelist",
			);
			name = "[CP] Embed Pods Frameworks";
			outputFileListPaths = (
				"${PODS_ROOT}/Target Support Files/Pods-Flix/Pods-Flix-frameworks-${CONFIGURATION}-output-files.xcfilelist",
			);
			runOnlyForDeploymentPostprocessing = 0;
			shellPath = /bin/sh;
			shellScript = "\"${PODS_ROOT}/Target Support Files/Pods-Flix/Pods-Flix-frameworks.sh\"\n";
			showEnvVarsInLog = 0;
		};
		599EA9D5CA94011C45B7037F /* [CP] Check Pods Manifest.lock */ = {
			isa = PBXShellScriptBuildPhase;
			buildActionMask = 2147483647;
			files = (
			);
			inputFileListPaths = (
			);
			inputPaths = (
				"${PODS_PODFILE_DIR_PATH}/Podfile.lock",
				"${PODS_ROOT}/Manifest.lock",
			);
			name = "[CP] Check Pods Manifest.lock";
			outputFileListPaths = (
			);
			outputPaths = (
				"$(DERIVED_FILE_DIR)/Pods-FlixTests-checkManifestLockResult.txt",
			);
			runOnlyForDeploymentPostprocessing = 0;
			shellPath = /bin/sh;
			shellScript = "diff \"${PODS_PODFILE_DIR_PATH}/Podfile.lock\" \"${PODS_ROOT}/Manifest.lock\" > /dev/null\nif [ $? != 0 ] ; then\n    # print error to STDERR\n    echo \"error: The sandbox is not in sync with the Podfile.lock. Run 'pod install' or update your CocoaPods installation.\" >&2\n    exit 1\nfi\n# This output is used by Xcode 'outputs' to avoid re-running this script phase.\necho \"SUCCESS\" > \"${SCRIPT_OUTPUT_FILE_0}\"\n";
			showEnvVarsInLog = 0;
		};
		AF2C677A6FEA50581FD231FB /* [CP] Check Pods Manifest.lock */ = {
			isa = PBXShellScriptBuildPhase;
			buildActionMask = 2147483647;
			files = (
			);
			inputFileListPaths = (
			);
			inputPaths = (
				"${PODS_PODFILE_DIR_PATH}/Podfile.lock",
				"${PODS_ROOT}/Manifest.lock",
			);
			name = "[CP] Check Pods Manifest.lock";
			outputFileListPaths = (
			);
			outputPaths = (
				"$(DERIVED_FILE_DIR)/Pods-Flix-checkManifestLockResult.txt",
			);
			runOnlyForDeploymentPostprocessing = 0;
			shellPath = /bin/sh;
			shellScript = "diff \"${PODS_PODFILE_DIR_PATH}/Podfile.lock\" \"${PODS_ROOT}/Manifest.lock\" > /dev/null\nif [ $? != 0 ] ; then\n    # print error to STDERR\n    echo \"error: The sandbox is not in sync with the Podfile.lock. Run 'pod install' or update your CocoaPods installation.\" >&2\n    exit 1\nfi\n# This output is used by Xcode 'outputs' to avoid re-running this script phase.\necho \"SUCCESS\" > \"${SCRIPT_OUTPUT_FILE_0}\"\n";
			showEnvVarsInLog = 0;
		};
/* End PBXShellScriptBuildPhase section */

/* Begin PBXSourcesBuildPhase section */
		8410F29527C94FCD00F66DA0 /* Sources */ = {
			isa = PBXSourcesBuildPhase;
			buildActionMask = 2147483647;
			files = (
				845F8E4727D2F1D000CC1137 /* MovieDetailsViewController.swift in Sources */,
				8410F2A127C94FCD00F66DA0 /* ViewController.swift in Sources */,
				8410F29D27C94FCD00F66DA0 /* AppDelegate.swift in Sources */,
				8410F2CD27C97E6000F66DA0 /* MovieCell.swift in Sources */,
				8410F29F27C94FCD00F66DA0 /* SceneDelegate.swift in Sources */,
				845F8E4927D3083F00CC1137 /* MovieGridViewController.swift in Sources */,
				845F8E4D27D30C6200CC1137 /* MovieGridCell.swift in Sources */,
			);
			runOnlyForDeploymentPostprocessing = 0;
		};
		8410F2AB27C94FCF00F66DA0 /* Sources */ = {
			isa = PBXSourcesBuildPhase;
			buildActionMask = 2147483647;
			files = (
				8410F2B427C94FCF00F66DA0 /* FlixTests.swift in Sources */,
			);
			runOnlyForDeploymentPostprocessing = 0;
		};
		8410F2B527C94FCF00F66DA0 /* Sources */ = {
			isa = PBXSourcesBuildPhase;
			buildActionMask = 2147483647;
			files = (
				8410F2BE27C94FCF00F66DA0 /* FlixUITests.swift in Sources */,
				8410F2C027C94FCF00F66DA0 /* FlixUITestsLaunchTests.swift in Sources */,
			);
			runOnlyForDeploymentPostprocessing = 0;
		};
/* End PBXSourcesBuildPhase section */

/* Begin PBXTargetDependency section */
		8410F2B127C94FCF00F66DA0 /* PBXTargetDependency */ = {
			isa = PBXTargetDependency;
			target = 8410F29827C94FCD00F66DA0 /* Flix */;
			targetProxy = 8410F2B027C94FCF00F66DA0 /* PBXContainerItemProxy */;
		};
		8410F2BB27C94FCF00F66DA0 /* PBXTargetDependency */ = {
			isa = PBXTargetDependency;
			target = 8410F29827C94FCD00F66DA0 /* Flix */;
			targetProxy = 8410F2BA27C94FCF00F66DA0 /* PBXContainerItemProxy */;
		};
/* End PBXTargetDependency section */

/* Begin PBXVariantGroup section */
		8410F2A227C94FCD00F66DA0 /* Main.storyboard */ = {
			isa = PBXVariantGroup;
			children = (
				8410F2A327C94FCD00F66DA0 /* Base */,
			);
			name = Main.storyboard;
			sourceTree = "<group>";
		};
		8410F2A727C94FCE00F66DA0 /* LaunchScreen.storyboard */ = {
			isa = PBXVariantGroup;
			children = (
				8410F2A827C94FCE00F66DA0 /* Base */,
			);
			name = LaunchScreen.storyboard;
			sourceTree = "<group>";
		};
/* End PBXVariantGroup section */

/* Begin XCBuildConfiguration section */
		8410F2C127C94FCF00F66DA0 /* Debug */ = {
			isa = XCBuildConfiguration;
			buildSettings = {
				ALWAYS_SEARCH_USER_PATHS = NO;
				CLANG_ANALYZER_NONNULL = YES;
				CLANG_ANALYZER_NUMBER_OBJECT_CONVERSION = YES_AGGRESSIVE;
				CLANG_CXX_LANGUAGE_STANDARD = "gnu++17";
				CLANG_CXX_LIBRARY = "libc++";
				CLANG_ENABLE_MODULES = YES;
				CLANG_ENABLE_OBJC_ARC = YES;
				CLANG_ENABLE_OBJC_WEAK = YES;
				CLANG_WARN_BLOCK_CAPTURE_AUTORELEASING = YES;
				CLANG_WARN_BOOL_CONVERSION = YES;
				CLANG_WARN_COMMA = YES;
				CLANG_WARN_CONSTANT_CONVERSION = YES;
				CLANG_WARN_DEPRECATED_OBJC_IMPLEMENTATIONS = YES;
				CLANG_WARN_DIRECT_OBJC_ISA_USAGE = YES_ERROR;
				CLANG_WARN_DOCUMENTATION_COMMENTS = YES;
				CLANG_WARN_EMPTY_BODY = YES;
				CLANG_WARN_ENUM_CONVERSION = YES;
				CLANG_WARN_INFINITE_RECURSION = YES;
				CLANG_WARN_INT_CONVERSION = YES;
				CLANG_WARN_NON_LITERAL_NULL_CONVERSION = YES;
				CLANG_WARN_OBJC_IMPLICIT_RETAIN_SELF = YES;
				CLANG_WARN_OBJC_LITERAL_CONVERSION = YES;
				CLANG_WARN_OBJC_ROOT_CLASS = YES_ERROR;
				CLANG_WARN_QUOTED_INCLUDE_IN_FRAMEWORK_HEADER = YES;
				CLANG_WARN_RANGE_LOOP_ANALYSIS = YES;
				CLANG_WARN_STRICT_PROTOTYPES = YES;
				CLANG_WARN_SUSPICIOUS_MOVE = YES;
				CLANG_WARN_UNGUARDED_AVAILABILITY = YES_AGGRESSIVE;
				CLANG_WARN_UNREACHABLE_CODE = YES;
				CLANG_WARN__DUPLICATE_METHOD_MATCH = YES;
				COPY_PHASE_STRIP = NO;
				DEBUG_INFORMATION_FORMAT = dwarf;
				ENABLE_STRICT_OBJC_MSGSEND = YES;
				ENABLE_TESTABILITY = YES;
				GCC_C_LANGUAGE_STANDARD = gnu11;
				GCC_DYNAMIC_NO_PIC = NO;
				GCC_NO_COMMON_BLOCKS = YES;
				GCC_OPTIMIZATION_LEVEL = 0;
				GCC_PREPROCESSOR_DEFINITIONS = (
					"DEBUG=1",
					"$(inherited)",
				);
				GCC_WARN_64_TO_32_BIT_CONVERSION = YES;
				GCC_WARN_ABOUT_RETURN_TYPE = YES_ERROR;
				GCC_WARN_UNDECLARED_SELECTOR = YES;
				GCC_WARN_UNINITIALIZED_AUTOS = YES_AGGRESSIVE;
				GCC_WARN_UNUSED_FUNCTION = YES;
				GCC_WARN_UNUSED_VARIABLE = YES;
				IPHONEOS_DEPLOYMENT_TARGET = 15.2;
				MTL_ENABLE_DEBUG_INFO = INCLUDE_SOURCE;
				MTL_FAST_MATH = YES;
				ONLY_ACTIVE_ARCH = YES;
				SDKROOT = iphoneos;
				SWIFT_ACTIVE_COMPILATION_CONDITIONS = DEBUG;
				SWIFT_OPTIMIZATION_LEVEL = "-Onone";
			};
			name = Debug;
		};
		8410F2C227C94FCF00F66DA0 /* Release */ = {
			isa = XCBuildConfiguration;
			buildSettings = {
				ALWAYS_SEARCH_USER_PATHS = NO;
				CLANG_ANALYZER_NONNULL = YES;
				CLANG_ANALYZER_NUMBER_OBJECT_CONVERSION = YES_AGGRESSIVE;
				CLANG_CXX_LANGUAGE_STANDARD = "gnu++17";
				CLANG_CXX_LIBRARY = "libc++";
				CLANG_ENABLE_MODULES = YES;
				CLANG_ENABLE_OBJC_ARC = YES;
				CLANG_ENABLE_OBJC_WEAK = YES;
				CLANG_WARN_BLOCK_CAPTURE_AUTORELEASING = YES;
				CLANG_WARN_BOOL_CONVERSION = YES;
				CLANG_WARN_COMMA = YES;
				CLANG_WARN_CONSTANT_CONVERSION = YES;
				CLANG_WARN_DEPRECATED_OBJC_IMPLEMENTATIONS = YES;
				CLANG_WARN_DIRECT_OBJC_ISA_USAGE = YES_ERROR;
				CLANG_WARN_DOCUMENTATION_COMMENTS = YES;
				CLANG_WARN_EMPTY_BODY = YES;
				CLANG_WARN_ENUM_CONVERSION = YES;
				CLANG_WARN_INFINITE_RECURSION = YES;
				CLANG_WARN_INT_CONVERSION = YES;
				CLANG_WARN_NON_LITERAL_NULL_CONVERSION = YES;
				CLANG_WARN_OBJC_IMPLICIT_RETAIN_SELF = YES;
				CLANG_WARN_OBJC_LITERAL_CONVERSION = YES;
				CLANG_WARN_OBJC_ROOT_CLASS = YES_ERROR;
				CLANG_WARN_QUOTED_INCLUDE_IN_FRAMEWORK_HEADER = YES;
				CLANG_WARN_RANGE_LOOP_ANALYSIS = YES;
				CLANG_WARN_STRICT_PROTOTYPES = YES;
				CLANG_WARN_SUSPICIOUS_MOVE = YES;
				CLANG_WARN_UNGUARDED_AVAILABILITY = YES_AGGRESSIVE;
				CLANG_WARN_UNREACHABLE_CODE = YES;
				CLANG_WARN__DUPLICATE_METHOD_MATCH = YES;
				COPY_PHASE_STRIP = NO;
				DEBUG_INFORMATION_FORMAT = "dwarf-with-dsym";
				ENABLE_NS_ASSERTIONS = NO;
				ENABLE_STRICT_OBJC_MSGSEND = YES;
				GCC_C_LANGUAGE_STANDARD = gnu11;
				GCC_NO_COMMON_BLOCKS = YES;
				GCC_WARN_64_TO_32_BIT_CONVERSION = YES;
				GCC_WARN_ABOUT_RETURN_TYPE = YES_ERROR;
				GCC_WARN_UNDECLARED_SELECTOR = YES;
				GCC_WARN_UNINITIALIZED_AUTOS = YES_AGGRESSIVE;
				GCC_WARN_UNUSED_FUNCTION = YES;
				GCC_WARN_UNUSED_VARIABLE = YES;
				IPHONEOS_DEPLOYMENT_TARGET = 15.2;
				MTL_ENABLE_DEBUG_INFO = NO;
				MTL_FAST_MATH = YES;
				SDKROOT = iphoneos;
				SWIFT_COMPILATION_MODE = wholemodule;
				SWIFT_OPTIMIZATION_LEVEL = "-O";
				VALIDATE_PRODUCT = YES;
			};
			name = Release;
		};
		8410F2C427C94FCF00F66DA0 /* Debug */ = {
			isa = XCBuildConfiguration;
			baseConfigurationReference = EC9B9A4933A476B883134CDA /* Pods-Flix.debug.xcconfig */;
			buildSettings = {
				ASSETCATALOG_COMPILER_APPICON_NAME = AppIcon;
				ASSETCATALOG_COMPILER_GLOBAL_ACCENT_COLOR_NAME = AccentColor;
				CODE_SIGN_STYLE = Automatic;
				CURRENT_PROJECT_VERSION = 1;
				DEVELOPMENT_TEAM = 6D6Y68D963;
				GENERATE_INFOPLIST_FILE = YES;
				INFOPLIST_FILE = Flix/Info.plist;
				INFOPLIST_KEY_UIApplicationSupportsIndirectInputEvents = YES;
				INFOPLIST_KEY_UILaunchStoryboardName = LaunchScreen;
				INFOPLIST_KEY_UIMainStoryboardFile = Main;
				INFOPLIST_KEY_UISupportedInterfaceOrientations_iPad = "UIInterfaceOrientationPortrait UIInterfaceOrientationPortraitUpsideDown UIInterfaceOrientationLandscapeLeft UIInterfaceOrientationLandscapeRight";
				INFOPLIST_KEY_UISupportedInterfaceOrientations_iPhone = "UIInterfaceOrientationPortrait UIInterfaceOrientationLandscapeLeft UIInterfaceOrientationLandscapeRight";
				LD_RUNPATH_SEARCH_PATHS = (
					"$(inherited)",
					"@executable_path/Frameworks",
				);
				MARKETING_VERSION = 1.0;
				PRODUCT_BUNDLE_IDENTIFIER = com.rext.Flix;
				PRODUCT_NAME = "$(TARGET_NAME)";
				SWIFT_EMIT_LOC_STRINGS = YES;
				SWIFT_VERSION = 5.0;
				TARGETED_DEVICE_FAMILY = "1,2";
			};
			name = Debug;
		};
		8410F2C527C94FCF00F66DA0 /* Release */ = {
			isa = XCBuildConfiguration;
			baseConfigurationReference = 3849B1CCE5CB087B7069658A /* Pods-Flix.release.xcconfig */;
			buildSettings = {
				ASSETCATALOG_COMPILER_APPICON_NAME = AppIcon;
				ASSETCATALOG_COMPILER_GLOBAL_ACCENT_COLOR_NAME = AccentColor;
				CODE_SIGN_STYLE = Automatic;
				CURRENT_PROJECT_VERSION = 1;
				DEVELOPMENT_TEAM = 6D6Y68D963;
				GENERATE_INFOPLIST_FILE = YES;
				INFOPLIST_FILE = Flix/Info.plist;
				INFOPLIST_KEY_UIApplicationSupportsIndirectInputEvents = YES;
				INFOPLIST_KEY_UILaunchStoryboardName = LaunchScreen;
				INFOPLIST_KEY_UIMainStoryboardFile = Main;
				INFOPLIST_KEY_UISupportedInterfaceOrientations_iPad = "UIInterfaceOrientationPortrait UIInterfaceOrientationPortraitUpsideDown UIInterfaceOrientationLandscapeLeft UIInterfaceOrientationLandscapeRight";
				INFOPLIST_KEY_UISupportedInterfaceOrientations_iPhone = "UIInterfaceOrientationPortrait UIInterfaceOrientationLandscapeLeft UIInterfaceOrientationLandscapeRight";
				LD_RUNPATH_SEARCH_PATHS = (
					"$(inherited)",
					"@executable_path/Frameworks",
				);
				MARKETING_VERSION = 1.0;
				PRODUCT_BUNDLE_IDENTIFIER = com.rext.Flix;
				PRODUCT_NAME = "$(TARGET_NAME)";
				SWIFT_EMIT_LOC_STRINGS = YES;
				SWIFT_VERSION = 5.0;
				TARGETED_DEVICE_FAMILY = "1,2";
			};
			name = Release;
		};
		8410F2C727C94FCF00F66DA0 /* Debug */ = {
			isa = XCBuildConfiguration;
			baseConfigurationReference = BA13E8A3ABBE9E21DF0BCBB7 /* Pods-FlixTests.debug.xcconfig */;
			buildSettings = {
				ALWAYS_EMBED_SWIFT_STANDARD_LIBRARIES = YES;
				BUNDLE_LOADER = "$(TEST_HOST)";
				CODE_SIGN_STYLE = Automatic;
				CURRENT_PROJECT_VERSION = 1;
				DEVELOPMENT_TEAM = 6D6Y68D963;
				GENERATE_INFOPLIST_FILE = YES;
				IPHONEOS_DEPLOYMENT_TARGET = 15.2;
				MARKETING_VERSION = 1.0;
				PRODUCT_BUNDLE_IDENTIFIER = com.rext.FlixTests;
				PRODUCT_NAME = "$(TARGET_NAME)";
				SWIFT_EMIT_LOC_STRINGS = NO;
				SWIFT_VERSION = 5.0;
				TARGETED_DEVICE_FAMILY = "1,2";
				TEST_HOST = "$(BUILT_PRODUCTS_DIR)/Flix.app/Flix";
			};
			name = Debug;
		};
		8410F2C827C94FCF00F66DA0 /* Release */ = {
			isa = XCBuildConfiguration;
			baseConfigurationReference = 8F1576DF449459556E999FAB /* Pods-FlixTests.release.xcconfig */;
			buildSettings = {
				ALWAYS_EMBED_SWIFT_STANDARD_LIBRARIES = YES;
				BUNDLE_LOADER = "$(TEST_HOST)";
				CODE_SIGN_STYLE = Automatic;
				CURRENT_PROJECT_VERSION = 1;
				DEVELOPMENT_TEAM = 6D6Y68D963;
				GENERATE_INFOPLIST_FILE = YES;
				IPHONEOS_DEPLOYMENT_TARGET = 15.2;
				MARKETING_VERSION = 1.0;
				PRODUCT_BUNDLE_IDENTIFIER = com.rext.FlixTests;
				PRODUCT_NAME = "$(TARGET_NAME)";
				SWIFT_EMIT_LOC_STRINGS = NO;
				SWIFT_VERSION = 5.0;
				TARGETED_DEVICE_FAMILY = "1,2";
				TEST_HOST = "$(BUILT_PRODUCTS_DIR)/Flix.app/Flix";
			};
			name = Release;
		};
		8410F2CA27C94FCF00F66DA0 /* Debug */ = {
			isa = XCBuildConfiguration;
			baseConfigurationReference = 2E5F52EA920EFD367DA2EFF3 /* Pods-Flix-FlixUITests.debug.xcconfig */;
			buildSettings = {
				ALWAYS_EMBED_SWIFT_STANDARD_LIBRARIES = YES;
				CODE_SIGN_STYLE = Automatic;
				CURRENT_PROJECT_VERSION = 1;
				DEVELOPMENT_TEAM = 6D6Y68D963;
				GENERATE_INFOPLIST_FILE = YES;
				MARKETING_VERSION = 1.0;
				PRODUCT_BUNDLE_IDENTIFIER = com.rext.FlixUITests;
				PRODUCT_NAME = "$(TARGET_NAME)";
				SWIFT_EMIT_LOC_STRINGS = NO;
				SWIFT_VERSION = 5.0;
				TARGETED_DEVICE_FAMILY = "1,2";
				TEST_TARGET_NAME = Flix;
			};
			name = Debug;
		};
		8410F2CB27C94FCF00F66DA0 /* Release */ = {
			isa = XCBuildConfiguration;
			baseConfigurationReference = 858E8D5577B311F768383799 /* Pods-Flix-FlixUITests.release.xcconfig */;
			buildSettings = {
				ALWAYS_EMBED_SWIFT_STANDARD_LIBRARIES = YES;
				CODE_SIGN_STYLE = Automatic;
				CURRENT_PROJECT_VERSION = 1;
				DEVELOPMENT_TEAM = 6D6Y68D963;
				GENERATE_INFOPLIST_FILE = YES;
				MARKETING_VERSION = 1.0;
				PRODUCT_BUNDLE_IDENTIFIER = com.rext.FlixUITests;
				PRODUCT_NAME = "$(TARGET_NAME)";
				SWIFT_EMIT_LOC_STRINGS = NO;
				SWIFT_VERSION = 5.0;
				TARGETED_DEVICE_FAMILY = "1,2";
				TEST_TARGET_NAME = Flix;
			};
			name = Release;
		};
/* End XCBuildConfiguration section */

/* Begin XCConfigurationList section */
		8410F29427C94FCD00F66DA0 /* Build configuration list for PBXProject "Flix" */ = {
			isa = XCConfigurationList;
			buildConfigurations = (
				8410F2C127C94FCF00F66DA0 /* Debug */,
				8410F2C227C94FCF00F66DA0 /* Release */,
			);
			defaultConfigurationIsVisible = 0;
			defaultConfigurationName = Release;
		};
		8410F2C327C94FCF00F66DA0 /* Build configuration list for PBXNativeTarget "Flix" */ = {
			isa = XCConfigurationList;
			buildConfigurations = (
				8410F2C427C94FCF00F66DA0 /* Debug */,
				8410F2C527C94FCF00F66DA0 /* Release */,
			);
			defaultConfigurationIsVisible = 0;
			defaultConfigurationName = Release;
		};
		8410F2C627C94FCF00F66DA0 /* Build configuration list for PBXNativeTarget "FlixTests" */ = {
			isa = XCConfigurationList;
			buildConfigurations = (
				8410F2C727C94FCF00F66DA0 /* Debug */,
				8410F2C827C94FCF00F66DA0 /* Release */,
			);
			defaultConfigurationIsVisible = 0;
			defaultConfigurationName = Release;
		};
		8410F2C927C94FCF00F66DA0 /* Build configuration list for PBXNativeTarget "FlixUITests" */ = {
			isa = XCConfigurationList;
			buildConfigurations = (
				8410F2CA27C94FCF00F66DA0 /* Debug */,
				8410F2CB27C94FCF00F66DA0 /* Release */,
			);
			defaultConfigurationIsVisible = 0;
			defaultConfigurationName = Release;
		};
/* End XCConfigurationList section */

/* Begin XCRemoteSwiftPackageReference section */
		8410F2CE27C9935E00F66DA0 /* XCRemoteSwiftPackageReference "AlamofireImage" */ = {
			isa = XCRemoteSwiftPackageReference;
			repositoryURL = "https://github.com/Alamofire/AlamofireImage";
			requirement = {
				kind = upToNextMajorVersion;
				minimumVersion = 4.0.0;
			};
		};
/* End XCRemoteSwiftPackageReference section */

/* Begin XCSwiftPackageProductDependency section */
		8410F2CF27C9935E00F66DA0 /* AlamofireImage */ = {
			isa = XCSwiftPackageProductDependency;
			package = 8410F2CE27C9935E00F66DA0 /* XCRemoteSwiftPackageReference "AlamofireImage" */;
			productName = AlamofireImage;
		};
/* End XCSwiftPackageProductDependency section */
	};
	rootObject = 8410F29127C94FCD00F66DA0 /* Project object */;
}
